
Microsoft Visual Studio Solution File, Format Version 12.00
# Visual Studio 15
VisualStudioVersion = 15.0.27004.2009
MinimumVisualStudioVersion = 10.0.40219.1
Project("{FAE04EC0-301F-11D3-BF4B-00C04F79EFBC}") = "SerialNumbers", "SerialNumbers\SerialNumbers.csproj", "{559C2EF1-921A-47F4-9270-7809E010D24F}"
EndProject
Project("{2150E333-8FDC-42A3-9474-1A3956D46DE8}") = "Tests", "Tests", "{88D830CD-CBD7-4D22-9684-259462D5D650}"
EndProject
Project("{9A19103F-16F7-4668-BE54-9A1E7A4F7556}") = "SerialNumbers.Utils", "SerialNumbers.Utils\SerialNumbers.Utils.csproj", "{F8A3C8E4-A3BE-4F54-88F1-0DD1F78B78A0}"
EndProject
Project("{FAE04EC0-301F-11D3-BF4B-00C04F79EFBC}") = "Tests.SerialNumbers", "Tests.SerialNumbers\Tests.SerialNumbers.csproj", "{413E65F3-5DB9-478F-9CEE-759EE021E6E9}"
EndProject
Global
	GlobalSection(SolutionConfigurationPlatforms) = preSolution
		Debug|Any CPU = Debug|Any CPU
		Release|Any CPU = Release|Any CPU
	EndGlobalSection
	GlobalSection(ProjectConfigurationPlatforms) = postSolution
		{559C2EF1-921A-47F4-9270-7809E010D24F}.Debug|Any CPU.ActiveCfg = Debug|Any CPU
		{559C2EF1-921A-47F4-9270-7809E010D24F}.Debug|Any CPU.Build.0 = Debug|Any CPU
		{559C2EF1-921A-47F4-9270-7809E010D24F}.Release|Any CPU.ActiveCfg = Release|Any CPU
		{559C2EF1-921A-47F4-9270-7809E010D24F}.Release|Any CPU.Build.0 = Release|Any CPU
		{F8A3C8E4-A3BE-4F54-88F1-0DD1F78B78A0}.Debug|Any CPU.ActiveCfg = Debug|Any CPU
		{F8A3C8E4-A3BE-4F54-88F1-0DD1F78B78A0}.Debug|Any CPU.Build.0 = Debug|Any CPU
		{F8A3C8E4-A3BE-4F54-88F1-0DD1F78B78A0}.Release|Any CPU.ActiveCfg = Release|Any CPU
		{F8A3C8E4-A3BE-4F54-88F1-0DD1F78B78A0}.Release|Any CPU.Build.0 = Release|Any CPU
		{413E65F3-5DB9-478F-9CEE-759EE021E6E9}.Debug|Any CPU.ActiveCfg = Debug|Any CPU
		{413E65F3-5DB9-478F-9CEE-759EE021E6E9}.Debug|Any CPU.Build.0 = Debug|Any CPU
		{413E65F3-5DB9-478F-9CEE-759EE021E6E9}.Release|Any CPU.ActiveCfg = Release|Any CPU
		{413E65F3-5DB9-478F-9CEE-759EE021E6E9}.Release|Any CPU.Build.0 = Release|Any CPU
	EndGlobalSection
	GlobalSection(SolutionProperties) = preSolution
		HideSolutionNode = FALSE
	EndGlobalSection
	GlobalSection(NestedProjects) = preSolution
		{413E65F3-5DB9-478F-9CEE-759EE021E6E9} = {88D830CD-CBD7-4D22-9684-259462D5D650}
	EndGlobalSection
	GlobalSection(ExtensibilityGlobals) = postSolution
		SolutionGuid = {4DB5EF05-4D03-477C-A126-1F5468FE4154}
	EndGlobalSection
EndGlobal
